
Microsoft Visual Studio Solution File, Format Version 12.00
# Visual Studio 15
VisualStudioVersion = 15.0.28307.438
MinimumVisualStudioVersion = 10.0.40219.1
Project("{9A19103F-16F7-4668-BE54-9A1E7A4F7556}") = "Messenger", "Messenger\Messenger.csproj", "{D39E8D54-F9B6-4BE8-9028-05EC8607EF10}"
EndProject
Project("{9A19103F-16F7-4668-BE54-9A1E7A4F7556}") = "Database", "Database\Database.csproj", "{33CF8C18-CD69-47D5-A286-F27B4A8333C2}"
EndProject
Global
	GlobalSection(SolutionConfigurationPlatforms) = preSolution
		Debug|Any CPU = Debug|Any CPU
		Release|Any CPU = Release|Any CPU
	EndGlobalSection
	GlobalSection(ProjectConfigurationPlatforms) = postSolution
		{D39E8D54-F9B6-4BE8-9028-05EC8607EF10}.Debug|Any CPU.ActiveCfg = Debug|Any CPU
		{D39E8D54-F9B6-4BE8-9028-05EC8607EF10}.Debug|Any CPU.Build.0 = Debug|Any CPU
		{D39E8D54-F9B6-4BE8-9028-05EC8607EF10}.Release|Any CPU.ActiveCfg = Release|Any CPU
		{D39E8D54-F9B6-4BE8-9028-05EC8607EF10}.Release|Any CPU.Build.0 = Release|Any CPU
		{33CF8C18-CD69-47D5-A286-F27B4A8333C2}.Debug|Any CPU.ActiveCfg = Debug|Any CPU
		{33CF8C18-CD69-47D5-A286-F27B4A8333C2}.Debug|Any CPU.Build.0 = Debug|Any CPU
		{33CF8C18-CD69-47D5-A286-F27B4A8333C2}.Release|Any CPU.ActiveCfg = Release|Any CPU
		{33CF8C18-CD69-47D5-A286-F27B4A8333C2}.Release|Any CPU.Build.0 = Release|Any CPU
	EndGlobalSection
	GlobalSection(SolutionProperties) = preSolution
		HideSolutionNode = FALSE
	EndGlobalSection
	GlobalSection(ExtensibilityGlobals) = postSolution
		SolutionGuid = {0AA2EF4C-A310-436C-AC1F-65EC5A1E6983}
	EndGlobalSection
EndGlobal
